
Microsoft Visual Studio Solution File, Format Version 11.00
# Visual Studio 2010
Project("{FAE04EC0-301F-11D3-BF4B-00C04F79EFBC}") = "Assembly-CSharp", "Assembly-CSharp.csproj", "{0be1a41c-87db-878b-8a6b-cdc9c6069b70}"
EndProject
Project("{FAE04EC0-301F-11D3-BF4B-00C04F79EFBC}") = "SimpleConsole", "SimpleConsole.csproj", "{dd434f4a-6d3a-1c77-c9eb-42e0fa85050e}"
EndProject
Global
	GlobalSection(SolutionConfigurationPlatforms) = preSolution
		Debug|Any CPU = Debug|Any CPU
		Release|Any CPU = Release|Any CPU
	EndGlobalSection
	GlobalSection(ProjectConfigurationPlatforms) = postSolution
		{0be1a41c-87db-878b-8a6b-cdc9c6069b70}.Debug|Any CPU.ActiveCfg = Debug|Any CPU
		{0be1a41c-87db-878b-8a6b-cdc9c6069b70}.Debug|Any CPU.Build.0 = Debug|Any CPU
		{0be1a41c-87db-878b-8a6b-cdc9c6069b70}.Release|Any CPU.ActiveCfg = Release|Any CPU
		{0be1a41c-87db-878b-8a6b-cdc9c6069b70}.Release|Any CPU.Build.0 = Release|Any CPU
		{dd434f4a-6d3a-1c77-c9eb-42e0fa85050e}.Debug|Any CPU.ActiveCfg = Debug|Any CPU
		{dd434f4a-6d3a-1c77-c9eb-42e0fa85050e}.Debug|Any CPU.Build.0 = Debug|Any CPU
		{dd434f4a-6d3a-1c77-c9eb-42e0fa85050e}.Release|Any CPU.ActiveCfg = Release|Any CPU
		{dd434f4a-6d3a-1c77-c9eb-42e0fa85050e}.Release|Any CPU.Build.0 = Release|Any CPU
	EndGlobalSection
	GlobalSection(SolutionProperties) = preSolution
		HideSolutionNode = FALSE
	EndGlobalSection
EndGlobal
